
Microsoft Visual Studio Solution File, Format Version 12.00
# Visual Studio Version 17
VisualStudioVersion = 17.6.33829.357
MinimumVisualStudioVersion = 10.0.40219.1
Project("{9A19103F-16F7-4668-BE54-9A1E7A4F7556}") = "WebApplication1", "WebApplication1\WebApplication1.csproj", "{653662AA-09DD-4652-BEE2-F647B46DE57B}"
EndProject
Project("{FAE04EC0-301F-11D3-BF4B-00C04F79EFBC}") = "webapp.DB", "webapp.DB\webapp.DB.csproj", "{030D00A8-7B21-4317-B738-C1F2261A4ABB}"
EndProject
Global
	GlobalSection(SolutionConfigurationPlatforms) = preSolution
		Debug|Any CPU = Debug|Any CPU
		Release|Any CPU = Release|Any CPU
	EndGlobalSection
	GlobalSection(ProjectConfigurationPlatforms) = postSolution
		{653662AA-09DD-4652-BEE2-F647B46DE57B}.Debug|Any CPU.ActiveCfg = Debug|Any CPU
		{653662AA-09DD-4652-BEE2-F647B46DE57B}.Debug|Any CPU.Build.0 = Debug|Any CPU
		{653662AA-09DD-4652-BEE2-F647B46DE57B}.Release|Any CPU.ActiveCfg = Release|Any CPU
		{653662AA-09DD-4652-BEE2-F647B46DE57B}.Release|Any CPU.Build.0 = Release|Any CPU
		{030D00A8-7B21-4317-B738-C1F2261A4ABB}.Debug|Any CPU.ActiveCfg = Debug|Any CPU
		{030D00A8-7B21-4317-B738-C1F2261A4ABB}.Debug|Any CPU.Build.0 = Debug|Any CPU
		{030D00A8-7B21-4317-B738-C1F2261A4ABB}.Release|Any CPU.ActiveCfg = Release|Any CPU
		{030D00A8-7B21-4317-B738-C1F2261A4ABB}.Release|Any CPU.Build.0 = Release|Any CPU
	EndGlobalSection
	GlobalSection(SolutionProperties) = preSolution
		HideSolutionNode = FALSE
	EndGlobalSection
	GlobalSection(ExtensibilityGlobals) = postSolution
		SolutionGuid = {A631EA6A-7135-4E47-AF1E-E3C0FDC04CFD}
	EndGlobalSection
EndGlobal
